// !$*UTF8*$!
{
	archiveVersion = 1;
	classes = {
	};
	objectVersion = 50;
	objects = {

/* Begin PBXBuildFile section */
		194F8C8421DF90D1002BF76B /* AssesmentTableViewController.swift in Sources */ = {isa = PBXBuildFile; fileRef = 194F8C8321DF90D1002BF76B /* AssesmentTableViewController.swift */; };
		194F8C8821DF91B6002BF76B /* AssesmentTableViewCell.swift in Sources */ = {isa = PBXBuildFile; fileRef = 194F8C8721DF91B6002BF76B /* AssesmentTableViewCell.swift */; };
		195A7B0A21D082EC00B9FDBC /* secondary.png in Resources */ = {isa = PBXBuildFile; fileRef = 195A7B0921D082EC00B9FDBC /* secondary.png */; };
		56A51B6521C7062B00EAF74B /* Assesment.swift in Sources */ = {isa = PBXBuildFile; fileRef = 56A51B6221C7062B00EAF74B /* Assesment.swift */; };
		56B0DA3621C40BA3003607C9 /* Extensions.swift in Sources */ = {isa = PBXBuildFile; fileRef = 56B0DA2B21C40BA3003607C9 /* Extensions.swift */; };
		56B0DA3821C40BA3003607C9 /* Main.storyboard in Resources */ = {isa = PBXBuildFile; fileRef = 56B0DA2D21C40BA3003607C9 /* Main.storyboard */; };
		56B0DA3921C40BA3003607C9 /* Exercise.swift in Sources */ = {isa = PBXBuildFile; fileRef = 56B0DA2E21C40BA3003607C9 /* Exercise.swift */; };
		56B0DA3A21C40BA3003607C9 /* AppDelegate.swift in Sources */ = {isa = PBXBuildFile; fileRef = 56B0DA2F21C40BA3003607C9 /* AppDelegate.swift */; };
		56B0DA3B21C40BA3003607C9 /* CalendarViewController.swift in Sources */ = {isa = PBXBuildFile; fileRef = 56B0DA3021C40BA3003607C9 /* CalendarViewController.swift */; };
		56B0DA3C21C40BA3003607C9 /* ScheduleTableViewCell.xib in Resources */ = {isa = PBXBuildFile; fileRef = 56B0DA3121C40BA3003607C9 /* ScheduleTableViewCell.xib */; };
		56B0DA3D21C40BA3003607C9 /* ScheduleTableViewCell.swift in Sources */ = {isa = PBXBuildFile; fileRef = 56B0DA3221C40BA3003607C9 /* ScheduleTableViewCell.swift */; };
		56B0DA3E21C40BA3003607C9 /* LaunchScreen.storyboard in Resources */ = {isa = PBXBuildFile; fileRef = 56B0DA3321C40BA3003607C9 /* LaunchScreen.storyboard */; };
		56B0DA3F21C40BA3003607C9 /* CellView.xib in Resources */ = {isa = PBXBuildFile; fileRef = 56B0DA3421C40BA3003607C9 /* CellView.xib */; };
		56B0DA4021C40BA3003607C9 /* CellView.swift in Sources */ = {isa = PBXBuildFile; fileRef = 56B0DA3521C40BA3003607C9 /* CellView.swift */; };
		56B0DA4221C41E49003607C9 /* ExerciseViewController.swift in Sources */ = {isa = PBXBuildFile; fileRef = 56B0DA4121C41E49003607C9 /* ExerciseViewController.swift */; };
		56B0DA4521C43D63003607C9 /* output.mp4 in Resources */ = {isa = PBXBuildFile; fileRef = 56B0DA4321C42A4A003607C9 /* output.mp4 */; };
		56BE891421CF18C10047BD4C /* RegisterViewController.swift in Sources */ = {isa = PBXBuildFile; fileRef = 56BE891321CF18C10047BD4C /* RegisterViewController.swift */; };
		56BE891621CF18CD0047BD4C /* LoginViewController.swift in Sources */ = {isa = PBXBuildFile; fileRef = 56BE891521CF18CD0047BD4C /* LoginViewController.swift */; };
		56BE891821CF18F20047BD4C /* LaunchViewController.swift in Sources */ = {isa = PBXBuildFile; fileRef = 56BE891721CF18F20047BD4C /* LaunchViewController.swift */; };
		56BE891A21CF1A3E0047BD4C /* GoogleService-Info.plist in Resources */ = {isa = PBXBuildFile; fileRef = 56BE891921CF1A3E0047BD4C /* GoogleService-Info.plist */; };
		56D52EB321C3E0FC00387664 /* Assets.xcassets in Resources */ = {isa = PBXBuildFile; fileRef = 56D52EB221C3E0FC00387664 /* Assets.xcassets */; };
		56D52EC121C3E0FC00387664 /* hermesTests.swift in Sources */ = {isa = PBXBuildFile; fileRef = 56D52EC021C3E0FC00387664 /* hermesTests.swift */; };
		56D52ECC21C3E0FC00387664 /* hermesUITests.swift in Sources */ = {isa = PBXBuildFile; fileRef = 56D52ECB21C3E0FC00387664 /* hermesUITests.swift */; };
		56E8707F21CD9151008379E1 /* AssesmentViewController.swift in Sources */ = {isa = PBXBuildFile; fileRef = 56E8707E21CD9151008379E1 /* AssesmentViewController.swift */; };
		E56CBD70D0826E1C3E675500 /* Pods_hermes.framework in Frameworks */ = {isa = PBXBuildFile; fileRef = 58120B3AD841B57033A96D4A /* Pods_hermes.framework */; };
/* End PBXBuildFile section */

/* Begin PBXContainerItemProxy section */
		56D52EBD21C3E0FC00387664 /* PBXContainerItemProxy */ = {
			isa = PBXContainerItemProxy;
			containerPortal = 56D52EA021C3E0FB00387664 /* Project object */;
			proxyType = 1;
			remoteGlobalIDString = 56D52EA721C3E0FB00387664;
			remoteInfo = hermes;
		};
		56D52EC821C3E0FC00387664 /* PBXContainerItemProxy */ = {
			isa = PBXContainerItemProxy;
			containerPortal = 56D52EA021C3E0FB00387664 /* Project object */;
			proxyType = 1;
			remoteGlobalIDString = 56D52EA721C3E0FB00387664;
			remoteInfo = hermes;
		};
/* End PBXContainerItemProxy section */

/* Begin PBXFileReference section */
		15646232550C4C83DA166B2A /* Pods-hermes.release.xcconfig */ = {isa = PBXFileReference; includeInIndex = 1; lastKnownFileType = text.xcconfig; name = "Pods-hermes.release.xcconfig"; path = "Pods/Target Support Files/Pods-hermes/Pods-hermes.release.xcconfig"; sourceTree = "<group>"; };
		194F8C8321DF90D1002BF76B /* AssesmentTableViewController.swift */ = {isa = PBXFileReference; lastKnownFileType = sourcecode.swift; path = AssesmentTableViewController.swift; sourceTree = "<group>"; };
		194F8C8721DF91B6002BF76B /* AssesmentTableViewCell.swift */ = {isa = PBXFileReference; lastKnownFileType = sourcecode.swift; path = AssesmentTableViewCell.swift; sourceTree = "<group>"; };
		195A7B0921D082EC00B9FDBC /* secondary.png */ = {isa = PBXFileReference; lastKnownFileType = image.png; path = secondary.png; sourceTree = "<group>"; };
		56A51B6221C7062B00EAF74B /* Assesment.swift */ = {isa = PBXFileReference; fileEncoding = 4; lastKnownFileType = sourcecode.swift; path = Assesment.swift; sourceTree = "<group>"; };
		56B0DA2A21C40BA3003607C9 /* hermes-Bridging-Header.h */ = {isa = PBXFileReference; lastKnownFileType = sourcecode.c.h; path = "hermes-Bridging-Header.h"; sourceTree = "<group>"; };
		56B0DA2B21C40BA3003607C9 /* Extensions.swift */ = {isa = PBXFileReference; fileEncoding = 4; lastKnownFileType = sourcecode.swift; path = Extensions.swift; sourceTree = "<group>"; };
		56B0DA2C21C40BA3003607C9 /* Info.plist */ = {isa = PBXFileReference; fileEncoding = 4; lastKnownFileType = text.plist.xml; path = Info.plist; sourceTree = "<group>"; };
		56B0DA2D21C40BA3003607C9 /* Main.storyboard */ = {isa = PBXFileReference; fileEncoding = 4; lastKnownFileType = file.storyboard; path = Main.storyboard; sourceTree = "<group>"; };
		56B0DA2E21C40BA3003607C9 /* Exercise.swift */ = {isa = PBXFileReference; fileEncoding = 4; lastKnownFileType = sourcecode.swift; path = Exercise.swift; sourceTree = "<group>"; };
		56B0DA2F21C40BA3003607C9 /* AppDelegate.swift */ = {isa = PBXFileReference; fileEncoding = 4; lastKnownFileType = sourcecode.swift; path = AppDelegate.swift; sourceTree = "<group>"; };
		56B0DA3021C40BA3003607C9 /* CalendarViewController.swift */ = {isa = PBXFileReference; fileEncoding = 4; lastKnownFileType = sourcecode.swift; path = CalendarViewController.swift; sourceTree = "<group>"; };
		56B0DA3121C40BA3003607C9 /* ScheduleTableViewCell.xib */ = {isa = PBXFileReference; fileEncoding = 4; lastKnownFileType = file.xib; path = ScheduleTableViewCell.xib; sourceTree = "<group>"; };
		56B0DA3221C40BA3003607C9 /* ScheduleTableViewCell.swift */ = {isa = PBXFileReference; fileEncoding = 4; lastKnownFileType = sourcecode.swift; path = ScheduleTableViewCell.swift; sourceTree = "<group>"; };
		56B0DA3321C40BA3003607C9 /* LaunchScreen.storyboard */ = {isa = PBXFileReference; fileEncoding = 4; lastKnownFileType = file.storyboard; path = LaunchScreen.storyboard; sourceTree = "<group>"; };
		56B0DA3421C40BA3003607C9 /* CellView.xib */ = {isa = PBXFileReference; fileEncoding = 4; lastKnownFileType = file.xib; path = CellView.xib; sourceTree = "<group>"; };
		56B0DA3521C40BA3003607C9 /* CellView.swift */ = {isa = PBXFileReference; fileEncoding = 4; lastKnownFileType = sourcecode.swift; path = CellView.swift; sourceTree = "<group>"; };
		56B0DA4121C41E49003607C9 /* ExerciseViewController.swift */ = {isa = PBXFileReference; lastKnownFileType = sourcecode.swift; path = ExerciseViewController.swift; sourceTree = "<group>"; };
		56B0DA4321C42A4A003607C9 /* output.mp4 */ = {isa = PBXFileReference; lastKnownFileType = file; path = output.mp4; sourceTree = "<group>"; };
		56BE891321CF18C10047BD4C /* RegisterViewController.swift */ = {isa = PBXFileReference; lastKnownFileType = sourcecode.swift; path = RegisterViewController.swift; sourceTree = "<group>"; };
		56BE891521CF18CD0047BD4C /* LoginViewController.swift */ = {isa = PBXFileReference; lastKnownFileType = sourcecode.swift; path = LoginViewController.swift; sourceTree = "<group>"; };
		56BE891721CF18F20047BD4C /* LaunchViewController.swift */ = {isa = PBXFileReference; lastKnownFileType = sourcecode.swift; path = LaunchViewController.swift; sourceTree = "<group>"; };
		56BE891921CF1A3E0047BD4C /* GoogleService-Info.plist */ = {isa = PBXFileReference; fileEncoding = 4; lastKnownFileType = text.plist.xml; path = "GoogleService-Info.plist"; sourceTree = "<group>"; };
		56D52EA821C3E0FB00387664 /* hermes.app */ = {isa = PBXFileReference; explicitFileType = wrapper.application; includeInIndex = 0; path = hermes.app; sourceTree = BUILT_PRODUCTS_DIR; };
		56D52EB221C3E0FC00387664 /* Assets.xcassets */ = {isa = PBXFileReference; lastKnownFileType = folder.assetcatalog; path = Assets.xcassets; sourceTree = "<group>"; };
		56D52EBC21C3E0FC00387664 /* hermesTests.xctest */ = {isa = PBXFileReference; explicitFileType = wrapper.cfbundle; includeInIndex = 0; path = hermesTests.xctest; sourceTree = BUILT_PRODUCTS_DIR; };
		56D52EC021C3E0FC00387664 /* hermesTests.swift */ = {isa = PBXFileReference; lastKnownFileType = sourcecode.swift; path = hermesTests.swift; sourceTree = "<group>"; };
		56D52EC221C3E0FC00387664 /* Info.plist */ = {isa = PBXFileReference; lastKnownFileType = text.plist.xml; path = Info.plist; sourceTree = "<group>"; };
		56D52EC721C3E0FC00387664 /* hermesUITests.xctest */ = {isa = PBXFileReference; explicitFileType = wrapper.cfbundle; includeInIndex = 0; path = hermesUITests.xctest; sourceTree = BUILT_PRODUCTS_DIR; };
		56D52ECB21C3E0FC00387664 /* hermesUITests.swift */ = {isa = PBXFileReference; lastKnownFileType = sourcecode.swift; path = hermesUITests.swift; sourceTree = "<group>"; };
		56D52ECD21C3E0FC00387664 /* Info.plist */ = {isa = PBXFileReference; lastKnownFileType = text.plist.xml; path = Info.plist; sourceTree = "<group>"; };
		56E8707D21CD879C008379E1 /* hermes.entitlements */ = {isa = PBXFileReference; lastKnownFileType = text.plist.entitlements; path = hermes.entitlements; sourceTree = "<group>"; };
		56E8707E21CD9151008379E1 /* AssesmentViewController.swift */ = {isa = PBXFileReference; lastKnownFileType = sourcecode.swift; path = AssesmentViewController.swift; sourceTree = "<group>"; };
		58120B3AD841B57033A96D4A /* Pods_hermes.framework */ = {isa = PBXFileReference; explicitFileType = wrapper.framework; includeInIndex = 0; path = Pods_hermes.framework; sourceTree = BUILT_PRODUCTS_DIR; };
		7B25090B329EC12A4568EA04 /* Pods-hermes.debug.xcconfig */ = {isa = PBXFileReference; includeInIndex = 1; lastKnownFileType = text.xcconfig; name = "Pods-hermes.debug.xcconfig"; path = "Pods/Target Support Files/Pods-hermes/Pods-hermes.debug.xcconfig"; sourceTree = "<group>"; };
/* End PBXFileReference section */

/* Begin PBXFrameworksBuildPhase section */
		56D52EA521C3E0FB00387664 /* Frameworks */ = {
			isa = PBXFrameworksBuildPhase;
			buildActionMask = 2147483647;
			files = (
				E56CBD70D0826E1C3E675500 /* Pods_hermes.framework in Frameworks */,
			);
			runOnlyForDeploymentPostprocessing = 0;
		};
		56D52EB921C3E0FC00387664 /* Frameworks */ = {
			isa = PBXFrameworksBuildPhase;
			buildActionMask = 2147483647;
			files = (
			);
			runOnlyForDeploymentPostprocessing = 0;
		};
		56D52EC421C3E0FC00387664 /* Frameworks */ = {
			isa = PBXFrameworksBuildPhase;
			buildActionMask = 2147483647;
			files = (
			);
			runOnlyForDeploymentPostprocessing = 0;
		};
/* End PBXFrameworksBuildPhase section */

/* Begin PBXGroup section */
		194F8C8921DFA253002BF76B /* Media */ = {
			isa = PBXGroup;
			children = (
				56B0DA4321C42A4A003607C9 /* output.mp4 */,
				195A7B0921D082EC00B9FDBC /* secondary.png */,
			);
			path = Media;
			sourceTree = "<group>";
		};
		563B3DE321CF180600F993D7 /* Data Models */ = {
			isa = PBXGroup;
			children = (
				56A51B6221C7062B00EAF74B /* Assesment.swift */,
				56B0DA2E21C40BA3003607C9 /* Exercise.swift */,
			);
			path = "Data Models";
			sourceTree = "<group>";
		};
		56BE891121CF188A0047BD4C /* View Controllers */ = {
			isa = PBXGroup;
			children = (
				56BE891721CF18F20047BD4C /* LaunchViewController.swift */,
				56BE891321CF18C10047BD4C /* RegisterViewController.swift */,
				56BE891521CF18CD0047BD4C /* LoginViewController.swift */,
				56B0DA3021C40BA3003607C9 /* CalendarViewController.swift */,
				56B0DA4121C41E49003607C9 /* ExerciseViewController.swift */,
				56E8707E21CD9151008379E1 /* AssesmentViewController.swift */,
				194F8C8321DF90D1002BF76B /* AssesmentTableViewController.swift */,
			);
			path = "View Controllers";
			sourceTree = "<group>";
		};
		56BE891221CF189B0047BD4C /* Subviews */ = {
			isa = PBXGroup;
			children = (
				194F8C8721DF91B6002BF76B /* AssesmentTableViewCell.swift */,
				56B0DA3521C40BA3003607C9 /* CellView.swift */,
				56B0DA3421C40BA3003607C9 /* CellView.xib */,
				56B0DA3221C40BA3003607C9 /* ScheduleTableViewCell.swift */,
				56B0DA3121C40BA3003607C9 /* ScheduleTableViewCell.xib */,
			);
			path = Subviews;
			sourceTree = "<group>";
		};
		56D52E9F21C3E0FB00387664 = {
			isa = PBXGroup;
			children = (
				56D52EAA21C3E0FB00387664 /* hermes */,
				56D52EBF21C3E0FC00387664 /* hermesTests */,
				56D52ECA21C3E0FC00387664 /* hermesUITests */,
				56D52EA921C3E0FB00387664 /* Products */,
				B950E97D04ECC5DA6DFEC315 /* Pods */,
				B9962DC97D203F3230928898 /* Frameworks */,
			);
			sourceTree = "<group>";
		};
		56D52EA921C3E0FB00387664 /* Products */ = {
			isa = PBXGroup;
			children = (
				56D52EA821C3E0FB00387664 /* hermes.app */,
				56D52EBC21C3E0FC00387664 /* hermesTests.xctest */,
				56D52EC721C3E0FC00387664 /* hermesUITests.xctest */,
			);
			name = Products;
			sourceTree = "<group>";
		};
		56D52EAA21C3E0FB00387664 /* hermes */ = {
			isa = PBXGroup;
			children = (
				56D52EB221C3E0FC00387664 /* Assets.xcassets */,
				56B0DA3321C40BA3003607C9 /* LaunchScreen.storyboard */,
				56B0DA2D21C40BA3003607C9 /* Main.storyboard */,
				56B0DA2F21C40BA3003607C9 /* AppDelegate.swift */,
				56B0DA2B21C40BA3003607C9 /* Extensions.swift */,
				56BE891121CF188A0047BD4C /* View Controllers */,
				56BE891221CF189B0047BD4C /* Subviews */,
				563B3DE321CF180600F993D7 /* Data Models */,
				194F8C8921DFA253002BF76B /* Media */,
				56B0DA2A21C40BA3003607C9 /* hermes-Bridging-Header.h */,
				56B0DA2C21C40BA3003607C9 /* Info.plist */,
				56E8707D21CD879C008379E1 /* hermes.entitlements */,
				56BE891921CF1A3E0047BD4C /* GoogleService-Info.plist */,
			);
			path = hermes;
			sourceTree = "<group>";
		};
		56D52EBF21C3E0FC00387664 /* hermesTests */ = {
			isa = PBXGroup;
			children = (
				56D52EC021C3E0FC00387664 /* hermesTests.swift */,
				56D52EC221C3E0FC00387664 /* Info.plist */,
			);
			path = hermesTests;
			sourceTree = "<group>";
		};
		56D52ECA21C3E0FC00387664 /* hermesUITests */ = {
			isa = PBXGroup;
			children = (
				56D52ECB21C3E0FC00387664 /* hermesUITests.swift */,
				56D52ECD21C3E0FC00387664 /* Info.plist */,
			);
			path = hermesUITests;
			sourceTree = "<group>";
		};
		B950E97D04ECC5DA6DFEC315 /* Pods */ = {
			isa = PBXGroup;
			children = (
				7B25090B329EC12A4568EA04 /* Pods-hermes.debug.xcconfig */,
				15646232550C4C83DA166B2A /* Pods-hermes.release.xcconfig */,
			);
			name = Pods;
			sourceTree = "<group>";
		};
		B9962DC97D203F3230928898 /* Frameworks */ = {
			isa = PBXGroup;
			children = (
				58120B3AD841B57033A96D4A /* Pods_hermes.framework */,
			);
			name = Frameworks;
			sourceTree = "<group>";
		};
/* End PBXGroup section */

/* Begin PBXNativeTarget section */
		56D52EA721C3E0FB00387664 /* hermes */ = {
			isa = PBXNativeTarget;
			buildConfigurationList = 56D52ED021C3E0FC00387664 /* Build configuration list for PBXNativeTarget "hermes" */;
			buildPhases = (
				CFD675BF9EF24D7493035138 /* [CP] Check Pods Manifest.lock */,
				56D52EA421C3E0FB00387664 /* Sources */,
				56D52EA521C3E0FB00387664 /* Frameworks */,
				56D52EA621C3E0FB00387664 /* Resources */,
				5BD6DFE5AB85CF19B21CC409 /* [CP] Embed Pods Frameworks */,
			);
			buildRules = (
			);
			dependencies = (
			);
			name = hermes;
			productName = hermes;
			productReference = 56D52EA821C3E0FB00387664 /* hermes.app */;
			productType = "com.apple.product-type.application";
		};
		56D52EBB21C3E0FC00387664 /* hermesTests */ = {
			isa = PBXNativeTarget;
			buildConfigurationList = 56D52ED321C3E0FC00387664 /* Build configuration list for PBXNativeTarget "hermesTests" */;
			buildPhases = (
				56D52EB821C3E0FC00387664 /* Sources */,
				56D52EB921C3E0FC00387664 /* Frameworks */,
				56D52EBA21C3E0FC00387664 /* Resources */,
			);
			buildRules = (
			);
			dependencies = (
				56D52EBE21C3E0FC00387664 /* PBXTargetDependency */,
			);
			name = hermesTests;
			productName = hermesTests;
			productReference = 56D52EBC21C3E0FC00387664 /* hermesTests.xctest */;
			productType = "com.apple.product-type.bundle.unit-test";
		};
		56D52EC621C3E0FC00387664 /* hermesUITests */ = {
			isa = PBXNativeTarget;
			buildConfigurationList = 56D52ED621C3E0FC00387664 /* Build configuration list for PBXNativeTarget "hermesUITests" */;
			buildPhases = (
				56D52EC321C3E0FC00387664 /* Sources */,
				56D52EC421C3E0FC00387664 /* Frameworks */,
				56D52EC521C3E0FC00387664 /* Resources */,
			);
			buildRules = (
			);
			dependencies = (
				56D52EC921C3E0FC00387664 /* PBXTargetDependency */,
			);
			name = hermesUITests;
			productName = hermesUITests;
			productReference = 56D52EC721C3E0FC00387664 /* hermesUITests.xctest */;
			productType = "com.apple.product-type.bundle.ui-testing";
		};
/* End PBXNativeTarget section */

/* Begin PBXProject section */
		56D52EA021C3E0FB00387664 /* Project object */ = {
			isa = PBXProject;
			attributes = {
				LastSwiftUpdateCheck = 1010;
				LastUpgradeCheck = 1010;
				ORGANIZATIONNAME = "Nishant Jha";
				TargetAttributes = {
					56D52EA721C3E0FB00387664 = {
						CreatedOnToolsVersion = 10.1;
						LastSwiftMigration = 1010;
						SystemCapabilities = {
							com.apple.Push = {
								enabled = 1;
							};
						};
					};
					56D52EBB21C3E0FC00387664 = {
						CreatedOnToolsVersion = 10.1;
						TestTargetID = 56D52EA721C3E0FB00387664;
					};
					56D52EC621C3E0FC00387664 = {
						CreatedOnToolsVersion = 10.1;
						TestTargetID = 56D52EA721C3E0FB00387664;
					};
				};
			};
			buildConfigurationList = 56D52EA321C3E0FB00387664 /* Build configuration list for PBXProject "hermes" */;
			compatibilityVersion = "Xcode 9.3";
			developmentRegion = en;
			hasScannedForEncodings = 0;
			knownRegions = (
				en,
				Base,
			);
			mainGroup = 56D52E9F21C3E0FB00387664;
			productRefGroup = 56D52EA921C3E0FB00387664 /* Products */;
			projectDirPath = "";
			projectRoot = "";
			targets = (
				56D52EA721C3E0FB00387664 /* hermes */,
				56D52EBB21C3E0FC00387664 /* hermesTests */,
				56D52EC621C3E0FC00387664 /* hermesUITests */,
			);
		};
/* End PBXProject section */

/* Begin PBXResourcesBuildPhase section */
		56D52EA621C3E0FB00387664 /* Resources */ = {
			isa = PBXResourcesBuildPhase;
			buildActionMask = 2147483647;
			files = (
				195A7B0A21D082EC00B9FDBC /* secondary.png in Resources */,
				56B0DA4521C43D63003607C9 /* output.mp4 in Resources */,
				56BE891A21CF1A3E0047BD4C /* GoogleService-Info.plist in Resources */,
				56B0DA3821C40BA3003607C9 /* Main.storyboard in Resources */,
				56B0DA3C21C40BA3003607C9 /* ScheduleTableViewCell.xib in Resources */,
				56B0DA3E21C40BA3003607C9 /* LaunchScreen.storyboard in Resources */,
				56B0DA3F21C40BA3003607C9 /* CellView.xib in Resources */,
				56D52EB321C3E0FC00387664 /* Assets.xcassets in Resources */,
			);
			runOnlyForDeploymentPostprocessing = 0;
		};
		56D52EBA21C3E0FC00387664 /* Resources */ = {
			isa = PBXResourcesBuildPhase;
			buildActionMask = 2147483647;
			files = (
			);
			runOnlyForDeploymentPostprocessing = 0;
		};
		56D52EC521C3E0FC00387664 /* Resources */ = {
			isa = PBXResourcesBuildPhase;
			buildActionMask = 2147483647;
			files = (
			);
			runOnlyForDeploymentPostprocessing = 0;
		};
/* End PBXResourcesBuildPhase section */

/* Begin PBXShellScriptBuildPhase section */
		5BD6DFE5AB85CF19B21CC409 /* [CP] Embed Pods Frameworks */ = {
			isa = PBXShellScriptBuildPhase;
			buildActionMask = 2147483647;
			files = (
			);
			inputFileListPaths = (
			);
			inputPaths = (
				"${SRCROOT}/Pods/Target Support Files/Pods-hermes/Pods-hermes-frameworks.sh",
				"${BUILT_PRODUCTS_DIR}/DLRadioButton/DLRadioButton.framework",
				"${BUILT_PRODUCTS_DIR}/FMDB/FMDB.framework",
				"${BUILT_PRODUCTS_DIR}/GTMSessionFetcher/GTMSessionFetcher.framework",
				"${BUILT_PRODUCTS_DIR}/GoogleUtilities/GoogleUtilities.framework",
				"${BUILT_PRODUCTS_DIR}/JTAppleCalendar/JTAppleCalendar.framework",
				"${BUILT_PRODUCTS_DIR}/leveldb-library/leveldb.framework",
				"${BUILT_PRODUCTS_DIR}/nanopb/nanopb.framework",
			);
			name = "[CP] Embed Pods Frameworks";
			outputFileListPaths = (
			);
			outputPaths = (
				"${TARGET_BUILD_DIR}/${FRAMEWORKS_FOLDER_PATH}/DLRadioButton.framework",
				"${TARGET_BUILD_DIR}/${FRAMEWORKS_FOLDER_PATH}/FMDB.framework",
				"${TARGET_BUILD_DIR}/${FRAMEWORKS_FOLDER_PATH}/GTMSessionFetcher.framework",
				"${TARGET_BUILD_DIR}/${FRAMEWORKS_FOLDER_PATH}/GoogleUtilities.framework",
				"${TARGET_BUILD_DIR}/${FRAMEWORKS_FOLDER_PATH}/JTAppleCalendar.framework",
				"${TARGET_BUILD_DIR}/${FRAMEWORKS_FOLDER_PATH}/leveldb.framework",
				"${TARGET_BUILD_DIR}/${FRAMEWORKS_FOLDER_PATH}/nanopb.framework",
			);
			runOnlyForDeploymentPostprocessing = 0;
			shellPath = /bin/sh;
			shellScript = "\"${SRCROOT}/Pods/Target Support Files/Pods-hermes/Pods-hermes-frameworks.sh\"\n";
			showEnvVarsInLog = 0;
		};
		CFD675BF9EF24D7493035138 /* [CP] Check Pods Manifest.lock */ = {
			isa = PBXShellScriptBuildPhase;
			buildActionMask = 2147483647;
			files = (
			);
			inputFileListPaths = (
			);
			inputPaths = (
				"${PODS_PODFILE_DIR_PATH}/Podfile.lock",
				"${PODS_ROOT}/Manifest.lock",
			);
			name = "[CP] Check Pods Manifest.lock";
			outputFileListPaths = (
			);
			outputPaths = (
				"$(DERIVED_FILE_DIR)/Pods-hermes-checkManifestLockResult.txt",
			);
			runOnlyForDeploymentPostprocessing = 0;
			shellPath = /bin/sh;
			shellScript = "diff \"${PODS_PODFILE_DIR_PATH}/Podfile.lock\" \"${PODS_ROOT}/Manifest.lock\" > /dev/null\nif [ $? != 0 ] ; then\n    # print error to STDERR\n    echo \"error: The sandbox is not in sync with the Podfile.lock. Run 'pod install' or update your CocoaPods installation.\" >&2\n    exit 1\nfi\n# This output is used by Xcode 'outputs' to avoid re-running this script phase.\necho \"SUCCESS\" > \"${SCRIPT_OUTPUT_FILE_0}\"\n";
			showEnvVarsInLog = 0;
		};
/* End PBXShellScriptBuildPhase section */

/* Begin PBXSourcesBuildPhase section */
		56D52EA421C3E0FB00387664 /* Sources */ = {
			isa = PBXSourcesBuildPhase;
			buildActionMask = 2147483647;
			files = (
				56B0DA3A21C40BA3003607C9 /* AppDelegate.swift in Sources */,
				56B0DA4221C41E49003607C9 /* ExerciseViewController.swift in Sources */,
				56B0DA3D21C40BA3003607C9 /* ScheduleTableViewCell.swift in Sources */,
				56BE891421CF18C10047BD4C /* RegisterViewController.swift in Sources */,
				56BE891821CF18F20047BD4C /* LaunchViewController.swift in Sources */,
				56A51B6521C7062B00EAF74B /* Assesment.swift in Sources */,
				56B0DA4021C40BA3003607C9 /* CellView.swift in Sources */,
				194F8C8821DF91B6002BF76B /* AssesmentTableViewCell.swift in Sources */,
				56B0DA3921C40BA3003607C9 /* Exercise.swift in Sources */,
				56E8707F21CD9151008379E1 /* AssesmentViewController.swift in Sources */,
				194F8C8421DF90D1002BF76B /* AssesmentTableViewController.swift in Sources */,
				56B0DA3B21C40BA3003607C9 /* CalendarViewController.swift in Sources */,
				56BE891621CF18CD0047BD4C /* LoginViewController.swift in Sources */,
				56B0DA3621C40BA3003607C9 /* Extensions.swift in Sources */,
			);
			runOnlyForDeploymentPostprocessing = 0;
		};
		56D52EB821C3E0FC00387664 /* Sources */ = {
			isa = PBXSourcesBuildPhase;
			buildActionMask = 2147483647;
			files = (
				56D52EC121C3E0FC00387664 /* hermesTests.swift in Sources */,
			);
			runOnlyForDeploymentPostprocessing = 0;
		};
		56D52EC321C3E0FC00387664 /* Sources */ = {
			isa = PBXSourcesBuildPhase;
			buildActionMask = 2147483647;
			files = (
				56D52ECC21C3E0FC00387664 /* hermesUITests.swift in Sources */,
			);
			runOnlyForDeploymentPostprocessing = 0;
		};
/* End PBXSourcesBuildPhase section */

/* Begin PBXTargetDependency section */
		56D52EBE21C3E0FC00387664 /* PBXTargetDependency */ = {
			isa = PBXTargetDependency;
			target = 56D52EA721C3E0FB00387664 /* hermes */;
			targetProxy = 56D52EBD21C3E0FC00387664 /* PBXContainerItemProxy */;
		};
		56D52EC921C3E0FC00387664 /* PBXTargetDependency */ = {
			isa = PBXTargetDependency;
			target = 56D52EA721C3E0FB00387664 /* hermes */;
			targetProxy = 56D52EC821C3E0FC00387664 /* PBXContainerItemProxy */;
		};
/* End PBXTargetDependency section */

/* Begin XCBuildConfiguration section */
		56D52ECE21C3E0FC00387664 /* Debug */ = {
			isa = XCBuildConfiguration;
			buildSettings = {
				ALWAYS_SEARCH_USER_PATHS = NO;
				CLANG_ANALYZER_NONNULL = YES;
				CLANG_ANALYZER_NUMBER_OBJECT_CONVERSION = YES_AGGRESSIVE;
				CLANG_CXX_LANGUAGE_STANDARD = "gnu++14";
				CLANG_CXX_LIBRARY = "libc++";
				CLANG_ENABLE_MODULES = YES;
				CLANG_ENABLE_OBJC_ARC = YES;
				CLANG_ENABLE_OBJC_WEAK = YES;
				CLANG_WARN_BLOCK_CAPTURE_AUTORELEASING = YES;
				CLANG_WARN_BOOL_CONVERSION = YES;
				CLANG_WARN_COMMA = YES;
				CLANG_WARN_CONSTANT_CONVERSION = YES;
				CLANG_WARN_DEPRECATED_OBJC_IMPLEMENTATIONS = YES;
				CLANG_WARN_DIRECT_OBJC_ISA_USAGE = YES_ERROR;
				CLANG_WARN_DOCUMENTATION_COMMENTS = YES;
				CLANG_WARN_EMPTY_BODY = YES;
				CLANG_WARN_ENUM_CONVERSION = YES;
				CLANG_WARN_INFINITE_RECURSION = YES;
				CLANG_WARN_INT_CONVERSION = YES;
				CLANG_WARN_NON_LITERAL_NULL_CONVERSION = YES;
				CLANG_WARN_OBJC_IMPLICIT_RETAIN_SELF = YES;
				CLANG_WARN_OBJC_LITERAL_CONVERSION = YES;
				CLANG_WARN_OBJC_ROOT_CLASS = YES_ERROR;
				CLANG_WARN_RANGE_LOOP_ANALYSIS = YES;
				CLANG_WARN_STRICT_PROTOTYPES = YES;
				CLANG_WARN_SUSPICIOUS_MOVE = YES;
				CLANG_WARN_UNGUARDED_AVAILABILITY = YES_AGGRESSIVE;
				CLANG_WARN_UNREACHABLE_CODE = YES;
				CLANG_WARN__DUPLICATE_METHOD_MATCH = YES;
				CODE_SIGN_IDENTITY = "iPhone Developer";
				COPY_PHASE_STRIP = NO;
				DEBUG_INFORMATION_FORMAT = dwarf;
				ENABLE_STRICT_OBJC_MSGSEND = YES;
				ENABLE_TESTABILITY = YES;
				GCC_C_LANGUAGE_STANDARD = gnu11;
				GCC_DYNAMIC_NO_PIC = NO;
				GCC_NO_COMMON_BLOCKS = YES;
				GCC_OPTIMIZATION_LEVEL = 0;
				GCC_PREPROCESSOR_DEFINITIONS = (
					"DEBUG=1",
					"$(inherited)",
				);
				GCC_WARN_64_TO_32_BIT_CONVERSION = YES;
				GCC_WARN_ABOUT_RETURN_TYPE = YES_ERROR;
				GCC_WARN_UNDECLARED_SELECTOR = YES;
				GCC_WARN_UNINITIALIZED_AUTOS = YES_AGGRESSIVE;
				GCC_WARN_UNUSED_FUNCTION = YES;
				GCC_WARN_UNUSED_VARIABLE = YES;
				IPHONEOS_DEPLOYMENT_TARGET = 12.1;
				MTL_ENABLE_DEBUG_INFO = INCLUDE_SOURCE;
				MTL_FAST_MATH = YES;
				ONLY_ACTIVE_ARCH = YES;
				SDKROOT = iphoneos;
				SWIFT_ACTIVE_COMPILATION_CONDITIONS = DEBUG;
				SWIFT_OPTIMIZATION_LEVEL = "-Onone";
			};
			name = Debug;
		};
		56D52ECF21C3E0FC00387664 /* Release */ = {
			isa = XCBuildConfiguration;
			buildSettings = {
				ALWAYS_SEARCH_USER_PATHS = NO;
				CLANG_ANALYZER_NONNULL = YES;
				CLANG_ANALYZER_NUMBER_OBJECT_CONVERSION = YES_AGGRESSIVE;
				CLANG_CXX_LANGUAGE_STANDARD = "gnu++14";
				CLANG_CXX_LIBRARY = "libc++";
				CLANG_ENABLE_MODULES = YES;
				CLANG_ENABLE_OBJC_ARC = YES;
				CLANG_ENABLE_OBJC_WEAK = YES;
				CLANG_WARN_BLOCK_CAPTURE_AUTORELEASING = YES;
				CLANG_WARN_BOOL_CONVERSION = YES;
				CLANG_WARN_COMMA = YES;
				CLANG_WARN_CONSTANT_CONVERSION = YES;
				CLANG_WARN_DEPRECATED_OBJC_IMPLEMENTATIONS = YES;
				CLANG_WARN_DIRECT_OBJC_ISA_USAGE = YES_ERROR;
				CLANG_WARN_DOCUMENTATION_COMMENTS = YES;
				CLANG_WARN_EMPTY_BODY = YES;
				CLANG_WARN_ENUM_CONVERSION = YES;
				CLANG_WARN_INFINITE_RECURSION = YES;
				CLANG_WARN_INT_CONVERSION = YES;
				CLANG_WARN_NON_LITERAL_NULL_CONVERSION = YES;
				CLANG_WARN_OBJC_IMPLICIT_RETAIN_SELF = YES;
				CLANG_WARN_OBJC_LITERAL_CONVERSION = YES;
				CLANG_WARN_OBJC_ROOT_CLASS = YES_ERROR;
				CLANG_WARN_RANGE_LOOP_ANALYSIS = YES;
				CLANG_WARN_STRICT_PROTOTYPES = YES;
				CLANG_WARN_SUSPICIOUS_MOVE = YES;
				CLANG_WARN_UNGUARDED_AVAILABILITY = YES_AGGRESSIVE;
				CLANG_WARN_UNREACHABLE_CODE = YES;
				CLANG_WARN__DUPLICATE_METHOD_MATCH = YES;
				CODE_SIGN_IDENTITY = "iPhone Developer";
				COPY_PHASE_STRIP = NO;
				DEBUG_INFORMATION_FORMAT = "dwarf-with-dsym";
				ENABLE_NS_ASSERTIONS = NO;
				ENABLE_STRICT_OBJC_MSGSEND = YES;
				GCC_C_LANGUAGE_STANDARD = gnu11;
				GCC_NO_COMMON_BLOCKS = YES;
				GCC_WARN_64_TO_32_BIT_CONVERSION = YES;
				GCC_WARN_ABOUT_RETURN_TYPE = YES_ERROR;
				GCC_WARN_UNDECLARED_SELECTOR = YES;
				GCC_WARN_UNINITIALIZED_AUTOS = YES_AGGRESSIVE;
				GCC_WARN_UNUSED_FUNCTION = YES;
				GCC_WARN_UNUSED_VARIABLE = YES;
				IPHONEOS_DEPLOYMENT_TARGET = 12.1;
				MTL_ENABLE_DEBUG_INFO = NO;
				MTL_FAST_MATH = YES;
				SDKROOT = iphoneos;
				SWIFT_COMPILATION_MODE = wholemodule;
				SWIFT_OPTIMIZATION_LEVEL = "-O";
				VALIDATE_PRODUCT = YES;
			};
			name = Release;
		};
		56D52ED121C3E0FC00387664 /* Debug */ = {
			isa = XCBuildConfiguration;
			baseConfigurationReference = 7B25090B329EC12A4568EA04 /* Pods-hermes.debug.xcconfig */;
			buildSettings = {
				ASSETCATALOG_COMPILER_APPICON_NAME = AppIcon;
				CLANG_ENABLE_MODULES = YES;
				CODE_SIGN_ENTITLEMENTS = hermes/hermes.entitlements;
				CODE_SIGN_STYLE = Automatic;
				DEVELOPMENT_TEAM = H4V63CJ3CM;
				INFOPLIST_FILE = hermes/Info.plist;
				IPHONEOS_DEPLOYMENT_TARGET = 12.1;
				LD_RUNPATH_SEARCH_PATHS = (
					"$(inherited)",
					"@executable_path/Frameworks",
				);
				PRODUCT_BUNDLE_IDENTIFIER = com.nishant.hermes;
				PRODUCT_NAME = "$(TARGET_NAME)";
				SWIFT_OBJC_BRIDGING_HEADER = "hermes/hermes-Bridging-Header.h";
				SWIFT_OPTIMIZATION_LEVEL = "-Onone";
				SWIFT_VERSION = 4.2;
				TARGETED_DEVICE_FAMILY = "1,2";
			};
			name = Debug;
		};
		56D52ED221C3E0FC00387664 /* Release */ = {
			isa = XCBuildConfiguration;
			baseConfigurationReference = 15646232550C4C83DA166B2A /* Pods-hermes.release.xcconfig */;
			buildSettings = {
				ASSETCATALOG_COMPILER_APPICON_NAME = AppIcon;
				CLANG_ENABLE_MODULES = YES;
				CODE_SIGN_ENTITLEMENTS = hermes/hermes.entitlements;
				CODE_SIGN_STYLE = Automatic;
				DEVELOPMENT_TEAM = H4V63CJ3CM;
				INFOPLIST_FILE = hermes/Info.plist;
				IPHONEOS_DEPLOYMENT_TARGET = 12.1;
				LD_RUNPATH_SEARCH_PATHS = (
					"$(inherited)",
					"@executable_path/Frameworks",
				);
				PRODUCT_BUNDLE_IDENTIFIER = com.nishant.hermes;
				PRODUCT_NAME = "$(TARGET_NAME)";
				SWIFT_OBJC_BRIDGING_HEADER = "hermes/hermes-Bridging-Header.h";
				SWIFT_VERSION = 4.2;
				TARGETED_DEVICE_FAMILY = "1,2";
			};
			name = Release;
		};
		56D52ED421C3E0FC00387664 /* Debug */ = {
			isa = XCBuildConfiguration;
			buildSettings = {
				ALWAYS_EMBED_SWIFT_STANDARD_LIBRARIES = YES;
				BUNDLE_LOADER = "$(TEST_HOST)";
				CODE_SIGN_STYLE = Automatic;
				INFOPLIST_FILE = hermesTests/Info.plist;
				LD_RUNPATH_SEARCH_PATHS = (
					"$(inherited)",
					"@executable_path/Frameworks",
					"@loader_path/Frameworks",
				);
				PRODUCT_BUNDLE_IDENTIFIER = com.nishant..hermesTests;
				PRODUCT_NAME = "$(TARGET_NAME)";
				SWIFT_VERSION = 4.2;
				TARGETED_DEVICE_FAMILY = "1,2";
				TEST_HOST = "$(BUILT_PRODUCTS_DIR)/hermes.app/hermes";
			};
			name = Debug;
		};
		56D52ED521C3E0FC00387664 /* Release */ = {
			isa = XCBuildConfiguration;
			buildSettings = {
				ALWAYS_EMBED_SWIFT_STANDARD_LIBRARIES = YES;
				BUNDLE_LOADER = "$(TEST_HOST)";
				CODE_SIGN_STYLE = Automatic;
				INFOPLIST_FILE = hermesTests/Info.plist;
				LD_RUNPATH_SEARCH_PATHS = (
					"$(inherited)",
					"@executable_path/Frameworks",
					"@loader_path/Frameworks",
				);
				PRODUCT_BUNDLE_IDENTIFIER = com.nishant..hermesTests;
				PRODUCT_NAME = "$(TARGET_NAME)";
				SWIFT_VERSION = 4.2;
				TARGETED_DEVICE_FAMILY = "1,2";
				TEST_HOST = "$(BUILT_PRODUCTS_DIR)/hermes.app/hermes";
			};
			name = Release;
		};
		56D52ED721C3E0FC00387664 /* Debug */ = {
			isa = XCBuildConfiguration;
			buildSettings = {
				ALWAYS_EMBED_SWIFT_STANDARD_LIBRARIES = YES;
				CODE_SIGN_STYLE = Automatic;
				INFOPLIST_FILE = hermesUITests/Info.plist;
				LD_RUNPATH_SEARCH_PATHS = (
					"$(inherited)",
					"@executable_path/Frameworks",
					"@loader_path/Frameworks",
				);
				PRODUCT_BUNDLE_IDENTIFIER = com.nishant..hermesUITests;
				PRODUCT_NAME = "$(TARGET_NAME)";
				SWIFT_VERSION = 4.2;
				TARGETED_DEVICE_FAMILY = "1,2";
				TEST_TARGET_NAME = hermes;
			};
			name = Debug;
		};
		56D52ED821C3E0FC00387664 /* Release */ = {
			isa = XCBuildConfiguration;
			buildSettings = {
				ALWAYS_EMBED_SWIFT_STANDARD_LIBRARIES = YES;
				CODE_SIGN_STYLE = Automatic;
				INFOPLIST_FILE = hermesUITests/Info.plist;
				LD_RUNPATH_SEARCH_PATHS = (
					"$(inherited)",
					"@executable_path/Frameworks",
					"@loader_path/Frameworks",
				);
				PRODUCT_BUNDLE_IDENTIFIER = com.nishant..hermesUITests;
				PRODUCT_NAME = "$(TARGET_NAME)";
				SWIFT_VERSION = 4.2;
				TARGETED_DEVICE_FAMILY = "1,2";
				TEST_TARGET_NAME = hermes;
			};
			name = Release;
		};
/* End XCBuildConfiguration section */

/* Begin XCConfigurationList section */
		56D52EA321C3E0FB00387664 /* Build configuration list for PBXProject "hermes" */ = {
			isa = XCConfigurationList;
			buildConfigurations = (
				56D52ECE21C3E0FC00387664 /* Debug */,
				56D52ECF21C3E0FC00387664 /* Release */,
			);
			defaultConfigurationIsVisible = 0;
			defaultConfigurationName = Release;
		};
		56D52ED021C3E0FC00387664 /* Build configuration list for PBXNativeTarget "hermes" */ = {
			isa = XCConfigurationList;
			buildConfigurations = (
				56D52ED121C3E0FC00387664 /* Debug */,
				56D52ED221C3E0FC00387664 /* Release */,
			);
			defaultConfigurationIsVisible = 0;
			defaultConfigurationName = Release;
		};
		56D52ED321C3E0FC00387664 /* Build configuration list for PBXNativeTarget "hermesTests" */ = {
			isa = XCConfigurationList;
			buildConfigurations = (
				56D52ED421C3E0FC00387664 /* Debug */,
				56D52ED521C3E0FC00387664 /* Release */,
			);
			defaultConfigurationIsVisible = 0;
			defaultConfigurationName = Release;
		};
		56D52ED621C3E0FC00387664 /* Build configuration list for PBXNativeTarget "hermesUITests" */ = {
			isa = XCConfigurationList;
			buildConfigurations = (
				56D52ED721C3E0FC00387664 /* Debug */,
				56D52ED821C3E0FC00387664 /* Release */,
			);
			defaultConfigurationIsVisible = 0;
			defaultConfigurationName = Release;
		};
/* End XCConfigurationList section */
	};
	rootObject = 56D52EA021C3E0FB00387664 /* Project object */;
}
